
Microsoft Visual Studio Solution File, Format Version 12.00
# Visual Studio Version 16
VisualStudioVersion = 16.0.30413.136
MinimumVisualStudioVersion = 10.0.40219.1
Project("{FAE04EC0-301F-11D3-BF4B-00C04F79EFBC}") = "UyelikCalisanTakip", "UyelikCalisanTakip\UyelikCalisanTakip.csproj", "{860E897B-C58F-4C54-84B4-E36073F7DE16}"
EndProject
Global
	GlobalSection(SolutionConfigurationPlatforms) = preSolution
		Debug|Any CPU = Debug|Any CPU
		Release|Any CPU = Release|Any CPU
	EndGlobalSection
	GlobalSection(ProjectConfigurationPlatforms) = postSolution
		{860E897B-C58F-4C54-84B4-E36073F7DE16}.Debug|Any CPU.ActiveCfg = Debug|Any CPU
		{860E897B-C58F-4C54-84B4-E36073F7DE16}.Debug|Any CPU.Build.0 = Debug|Any CPU
		{860E897B-C58F-4C54-84B4-E36073F7DE16}.Release|Any CPU.ActiveCfg = Release|Any CPU
		{860E897B-C58F-4C54-84B4-E36073F7DE16}.Release|Any CPU.Build.0 = Release|Any CPU
	EndGlobalSection
	GlobalSection(SolutionProperties) = preSolution
		HideSolutionNode = FALSE
	EndGlobalSection
	GlobalSection(ExtensibilityGlobals) = postSolution
		SolutionGuid = {D6186252-BE55-49A7-A943-AABA18F12B27}
	EndGlobalSection
EndGlobal
